
Microsoft Visual Studio Solution File, Format Version 12.00
# Visual Studio Version 16
VisualStudioVersion = 16.0.31515.178
MinimumVisualStudioVersion = 10.0.40219.1
Project("{FAE04EC0-301F-11D3-BF4B-00C04F79EFBC}") = "StringAssignment", "StringAssignment\StringAssignment.csproj", "{2B5667D8-E849-4752-914B-B514A3850289}"
EndProject
Global
	GlobalSection(SolutionConfigurationPlatforms) = preSolution
		Debug|Any CPU = Debug|Any CPU
		Release|Any CPU = Release|Any CPU
	EndGlobalSection
	GlobalSection(ProjectConfigurationPlatforms) = postSolution
		{2B5667D8-E849-4752-914B-B514A3850289}.Debug|Any CPU.ActiveCfg = Debug|Any CPU
		{2B5667D8-E849-4752-914B-B514A3850289}.Debug|Any CPU.Build.0 = Debug|Any CPU
		{2B5667D8-E849-4752-914B-B514A3850289}.Release|Any CPU.ActiveCfg = Release|Any CPU
		{2B5667D8-E849-4752-914B-B514A3850289}.Release|Any CPU.Build.0 = Release|Any CPU
	EndGlobalSection
	GlobalSection(SolutionProperties) = preSolution
		HideSolutionNode = FALSE
	EndGlobalSection
	GlobalSection(ExtensibilityGlobals) = postSolution
		SolutionGuid = {4AF45DE6-3377-48C7-9722-A7143DB09996}
	EndGlobalSection
EndGlobal
